
Microsoft Visual Studio Solution File, Format Version 12.00
# Visual Studio Version 17
VisualStudioVersion = 17.5.33424.131
MinimumVisualStudioVersion = 10.0.40219.1
Project("{8BC9CEB8-8B4A-11D0-8D11-00A0C91BC942}") = "OpenGL-Simple-Graphing-Coursework", "OpenGL-Simple-Graphing-Coursework.vcxproj", "{41BDAE05-9C0A-4888-A7E4-D24230DE60BC}"
EndProject
Global
	GlobalSection(SolutionConfigurationPlatforms) = preSolution
		Debug|x64 = Debug|x64
		Debug|x86 = Debug|x86
		Release|x64 = Release|x64
		Release|x86 = Release|x86
	EndGlobalSection
	GlobalSection(ProjectConfigurationPlatforms) = postSolution
		{41BDAE05-9C0A-4888-A7E4-D24230DE60BC}.Debug|x64.ActiveCfg = Debug|x64
		{41BDAE05-9C0A-4888-A7E4-D24230DE60BC}.Debug|x64.Build.0 = Debug|x64
		{41BDAE05-9C0A-4888-A7E4-D24230DE60BC}.Debug|x86.ActiveCfg = Debug|Win32
		{41BDAE05-9C0A-4888-A7E4-D24230DE60BC}.Debug|x86.Build.0 = Debug|Win32
		{41BDAE05-9C0A-4888-A7E4-D24230DE60BC}.Release|x64.ActiveCfg = Release|x64
		{41BDAE05-9C0A-4888-A7E4-D24230DE60BC}.Release|x64.Build.0 = Release|x64
		{41BDAE05-9C0A-4888-A7E4-D24230DE60BC}.Release|x86.ActiveCfg = Release|Win32
		{41BDAE05-9C0A-4888-A7E4-D24230DE60BC}.Release|x86.Build.0 = Release|Win32
	EndGlobalSection
	GlobalSection(SolutionProperties) = preSolution
		HideSolutionNode = FALSE
	EndGlobalSection
	GlobalSection(ExtensibilityGlobals) = postSolution
		SolutionGuid = {C9691307-E065-4308-AE19-E143DEA05FFF}
	EndGlobalSection
EndGlobal
